
Microsoft Visual Studio Solution File, Format Version 12.00
# Visual Studio 2013
VisualStudioVersion = 12.0.21005.1
MinimumVisualStudioVersion = 10.0.40219.1
Project("{FAE04EC0-301F-11D3-BF4B-00C04F79EFBC}") = "VSPackageSample", "VSPackageSample\VSPackageSample.csproj", "{94ADB951-BFB1-4763-815E-735150132970}"
EndProject
Project("{FAE04EC0-301F-11D3-BF4B-00C04F79EFBC}") = "VSPackageSample_IntegrationTests", "VSPackageSample\VSPackageSample_IntegrationTests\VSPackageSample_IntegrationTests.csproj", "{BD725546-D280-463D-8CCB-BDE9471E6A08}"
EndProject
Project("{2150E333-8FDC-42A3-9474-1A3956D46DE8}") = "Solution Items", "Solution Items", "{2ACCC08E-B2B9-4936-83B3-D3FF2B88D442}"
	ProjectSection(SolutionItems) = preProject
		IntegrationTests.testsettings = IntegrationTests.testsettings
		UnitTests.testsettings = UnitTests.testsettings
	EndProjectSection
EndProject
Project("{FAE04EC0-301F-11D3-BF4B-00C04F79EFBC}") = "VSPackageSample_UnitTests", "VSPackageSample\VSPackageSample_UnitTests\VSPackageSample_UnitTests.csproj", "{B0A66E09-1295-4D4E-BD43-3919B05BCCCE}"
EndProject
Global
	GlobalSection(SolutionConfigurationPlatforms) = preSolution
		Debug|Any CPU = Debug|Any CPU
		Release|Any CPU = Release|Any CPU
	EndGlobalSection
	GlobalSection(ProjectConfigurationPlatforms) = postSolution
		{94ADB951-BFB1-4763-815E-735150132970}.Debug|Any CPU.ActiveCfg = Debug|Any CPU
		{94ADB951-BFB1-4763-815E-735150132970}.Debug|Any CPU.Build.0 = Debug|Any CPU
		{94ADB951-BFB1-4763-815E-735150132970}.Release|Any CPU.ActiveCfg = Release|Any CPU
		{94ADB951-BFB1-4763-815E-735150132970}.Release|Any CPU.Build.0 = Release|Any CPU
		{BD725546-D280-463D-8CCB-BDE9471E6A08}.Debug|Any CPU.ActiveCfg = Debug|Any CPU
		{BD725546-D280-463D-8CCB-BDE9471E6A08}.Debug|Any CPU.Build.0 = Debug|Any CPU
		{BD725546-D280-463D-8CCB-BDE9471E6A08}.Release|Any CPU.ActiveCfg = Release|Any CPU
		{BD725546-D280-463D-8CCB-BDE9471E6A08}.Release|Any CPU.Build.0 = Release|Any CPU
		{B0A66E09-1295-4D4E-BD43-3919B05BCCCE}.Debug|Any CPU.ActiveCfg = Debug|Any CPU
		{B0A66E09-1295-4D4E-BD43-3919B05BCCCE}.Debug|Any CPU.Build.0 = Debug|Any CPU
		{B0A66E09-1295-4D4E-BD43-3919B05BCCCE}.Release|Any CPU.ActiveCfg = Release|Any CPU
		{B0A66E09-1295-4D4E-BD43-3919B05BCCCE}.Release|Any CPU.Build.0 = Release|Any CPU
	EndGlobalSection
	GlobalSection(SolutionProperties) = preSolution
		HideSolutionNode = FALSE
	EndGlobalSection
EndGlobal
