
Microsoft Visual Studio Solution File, Format Version 12.00
# Visual Studio 2012
Project("{FAE04EC0-301F-11D3-BF4B-00C04F79EFBC}") = "UnitTestingSample", "UnitTestingSample\UnitTestingSample.csproj", "{93FA5B09-50FB-413B-99FF-CC6F73474818}"
EndProject
Project("{FAE04EC0-301F-11D3-BF4B-00C04F79EFBC}") = "UnitTestingSample.Tests", "UnitTestingSample.Tests\UnitTestingSample.Tests.csproj", "{5D416625-9055-4B49-B37B-FC71FBDEDF51}"
EndProject
Global
	GlobalSection(SolutionConfigurationPlatforms) = preSolution
		Debug|Any CPU = Debug|Any CPU
		Release|Any CPU = Release|Any CPU
	EndGlobalSection
	GlobalSection(ProjectConfigurationPlatforms) = postSolution
		{93FA5B09-50FB-413B-99FF-CC6F73474818}.Debug|Any CPU.ActiveCfg = Debug|Any CPU
		{93FA5B09-50FB-413B-99FF-CC6F73474818}.Debug|Any CPU.Build.0 = Debug|Any CPU
		{93FA5B09-50FB-413B-99FF-CC6F73474818}.Release|Any CPU.ActiveCfg = Release|Any CPU
		{93FA5B09-50FB-413B-99FF-CC6F73474818}.Release|Any CPU.Build.0 = Release|Any CPU
		{5D416625-9055-4B49-B37B-FC71FBDEDF51}.Debug|Any CPU.ActiveCfg = Debug|Any CPU
		{5D416625-9055-4B49-B37B-FC71FBDEDF51}.Debug|Any CPU.Build.0 = Debug|Any CPU
		{5D416625-9055-4B49-B37B-FC71FBDEDF51}.Release|Any CPU.ActiveCfg = Release|Any CPU
		{5D416625-9055-4B49-B37B-FC71FBDEDF51}.Release|Any CPU.Build.0 = Release|Any CPU
	EndGlobalSection
	GlobalSection(SolutionProperties) = preSolution
		HideSolutionNode = FALSE
	EndGlobalSection
EndGlobal
