
Microsoft Visual Studio Solution File, Format Version 12.00
# Visual Studio 2013
VisualStudioVersion = 12.0.21005.1
MinimumVisualStudioVersion = 10.0.40219.1
Project("{CC5FD16D-436D-48AD-A40C-5A424C6E3E79}") = "StorageAccountExample", "StorageAccountExample\StorageAccountExample.ccproj", "{482A535E-7BE6-498E-9DF4-129F94F05DFA}"
EndProject
Project("{FAE04EC0-301F-11D3-BF4B-00C04F79EFBC}") = "MyWorkerRole", "MyWorkerRole\MyWorkerRole.csproj", "{F192D664-68F6-4742-A66B-22399993064B}"
EndProject
Global
	GlobalSection(SolutionConfigurationPlatforms) = preSolution
		Debug|Any CPU = Debug|Any CPU
		Release|Any CPU = Release|Any CPU
	EndGlobalSection
	GlobalSection(ProjectConfigurationPlatforms) = postSolution
		{482A535E-7BE6-498E-9DF4-129F94F05DFA}.Debug|Any CPU.ActiveCfg = Debug|Any CPU
		{482A535E-7BE6-498E-9DF4-129F94F05DFA}.Debug|Any CPU.Build.0 = Debug|Any CPU
		{482A535E-7BE6-498E-9DF4-129F94F05DFA}.Release|Any CPU.ActiveCfg = Release|Any CPU
		{482A535E-7BE6-498E-9DF4-129F94F05DFA}.Release|Any CPU.Build.0 = Release|Any CPU
		{F192D664-68F6-4742-A66B-22399993064B}.Debug|Any CPU.ActiveCfg = Debug|Any CPU
		{F192D664-68F6-4742-A66B-22399993064B}.Debug|Any CPU.Build.0 = Debug|Any CPU
		{F192D664-68F6-4742-A66B-22399993064B}.Release|Any CPU.ActiveCfg = Release|Any CPU
		{F192D664-68F6-4742-A66B-22399993064B}.Release|Any CPU.Build.0 = Release|Any CPU
	EndGlobalSection
	GlobalSection(SolutionProperties) = preSolution
		HideSolutionNode = FALSE
	EndGlobalSection
EndGlobal
