
Microsoft Visual Studio Solution File, Format Version 12.00
# Visual Studio 2013
VisualStudioVersion = 12.0.21005.1
MinimumVisualStudioVersion = 10.0.40219.1
Project("{CC5FD16D-436D-48AD-A40C-5A424C6E3E79}") = "CloudService", "CloudService\CloudService.ccproj", "{2FA074BB-588E-41D6-9401-27833BD4EB3D}"
EndProject
Project("{FAE04EC0-301F-11D3-BF4B-00C04F79EFBC}") = "MyAzureDatabase_OData", "MyAzureDatabase_OData\MyAzureDatabase_OData.csproj", "{DBF65F06-7093-4F2F-B5A0-EEC0C31FDBF6}"
EndProject
Global
	GlobalSection(SolutionConfigurationPlatforms) = preSolution
		Debug|Any CPU = Debug|Any CPU
		Release|Any CPU = Release|Any CPU
	EndGlobalSection
	GlobalSection(ProjectConfigurationPlatforms) = postSolution
		{2FA074BB-588E-41D6-9401-27833BD4EB3D}.Debug|Any CPU.ActiveCfg = Debug|Any CPU
		{2FA074BB-588E-41D6-9401-27833BD4EB3D}.Debug|Any CPU.Build.0 = Debug|Any CPU
		{2FA074BB-588E-41D6-9401-27833BD4EB3D}.Release|Any CPU.ActiveCfg = Release|Any CPU
		{2FA074BB-588E-41D6-9401-27833BD4EB3D}.Release|Any CPU.Build.0 = Release|Any CPU
		{DBF65F06-7093-4F2F-B5A0-EEC0C31FDBF6}.Debug|Any CPU.ActiveCfg = Debug|Any CPU
		{DBF65F06-7093-4F2F-B5A0-EEC0C31FDBF6}.Debug|Any CPU.Build.0 = Debug|Any CPU
		{DBF65F06-7093-4F2F-B5A0-EEC0C31FDBF6}.Release|Any CPU.ActiveCfg = Release|Any CPU
		{DBF65F06-7093-4F2F-B5A0-EEC0C31FDBF6}.Release|Any CPU.Build.0 = Release|Any CPU
	EndGlobalSection
	GlobalSection(SolutionProperties) = preSolution
		HideSolutionNode = FALSE
	EndGlobalSection
EndGlobal
