
Microsoft Visual Studio Solution File, Format Version 12.00
# Visual Studio 2012
Project("{FAE04EC0-301F-11D3-BF4B-00C04F79EFBC}") = "SampleFirstWCFClient", "SampleFirstWCFClient\SampleFirstWCFClient.csproj", "{EA0A9264-B9CD-40CC-802C-E52F39F0AA52}"
EndProject
Project("{FAE04EC0-301F-11D3-BF4B-00C04F79EFBC}") = "SampleFirstServiceServer", "SampleFirstServiceServer\SampleFirstServiceServer.csproj", "{34BFA9A1-8C76-422D-A62E-DF07B8AB87DD}"
EndProject
Global
	GlobalSection(SolutionConfigurationPlatforms) = preSolution
		Debug|Any CPU = Debug|Any CPU
		Release|Any CPU = Release|Any CPU
	EndGlobalSection
	GlobalSection(ProjectConfigurationPlatforms) = postSolution
		{EA0A9264-B9CD-40CC-802C-E52F39F0AA52}.Debug|Any CPU.ActiveCfg = Debug|Any CPU
		{EA0A9264-B9CD-40CC-802C-E52F39F0AA52}.Debug|Any CPU.Build.0 = Debug|Any CPU
		{EA0A9264-B9CD-40CC-802C-E52F39F0AA52}.Release|Any CPU.ActiveCfg = Release|Any CPU
		{EA0A9264-B9CD-40CC-802C-E52F39F0AA52}.Release|Any CPU.Build.0 = Release|Any CPU
		{34BFA9A1-8C76-422D-A62E-DF07B8AB87DD}.Debug|Any CPU.ActiveCfg = Debug|Any CPU
		{34BFA9A1-8C76-422D-A62E-DF07B8AB87DD}.Debug|Any CPU.Build.0 = Debug|Any CPU
		{34BFA9A1-8C76-422D-A62E-DF07B8AB87DD}.Release|Any CPU.ActiveCfg = Release|Any CPU
		{34BFA9A1-8C76-422D-A62E-DF07B8AB87DD}.Release|Any CPU.Build.0 = Release|Any CPU
	EndGlobalSection
	GlobalSection(SolutionProperties) = preSolution
		HideSolutionNode = FALSE
	EndGlobalSection
EndGlobal
